// !$*UTF8*$!
{
	archiveVersion = 1;
	classes = {
	};
	objectVersion = 46;
	objects = {

/* Begin PBXBuildFile section */
		B2A93A7D1CC0BD4A000900EA /* AppDelegate.swift in Sources */ = {isa = PBXBuildFile; fileRef = B2A93A7C1CC0BD4A000900EA /* AppDelegate.swift */; };
		B2A93A7F1CC0BD4A000900EA /* ViewController.swift in Sources */ = {isa = PBXBuildFile; fileRef = B2A93A7E1CC0BD4A000900EA /* ViewController.swift */; };
		B2A93A821CC0BD4A000900EA /* Main.storyboard in Resources */ = {isa = PBXBuildFile; fileRef = B2A93A801CC0BD4A000900EA /* Main.storyboard */; };
		B2A93A841CC0BD4A000900EA /* Assets.xcassets in Resources */ = {isa = PBXBuildFile; fileRef = B2A93A831CC0BD4A000900EA /* Assets.xcassets */; };
		B2A93A871CC0BD4A000900EA /* LaunchScreen.storyboard in Resources */ = {isa = PBXBuildFile; fileRef = B2A93A851CC0BD4A000900EA /* LaunchScreen.storyboard */; };
		B2A93A921CC0BD4A000900EA /* KayCornerTests.swift in Sources */ = {isa = PBXBuildFile; fileRef = B2A93A911CC0BD4A000900EA /* KayCornerTests.swift */; };
		B2A93A9D1CC0BD4A000900EA /* KayCornerUITests.swift in Sources */ = {isa = PBXBuildFile; fileRef = B2A93A9C1CC0BD4A000900EA /* KayCornerUITests.swift */; };
/* End PBXBuildFile section */

/* Begin PBXContainerItemProxy section */
		B2A93A8E1CC0BD4A000900EA /* PBXContainerItemProxy */ = {
			isa = PBXContainerItemProxy;
			containerPortal = B2A93A711CC0BD4A000900EA /* Project object */;
			proxyType = 1;
			remoteGlobalIDString = B2A93A781CC0BD4A000900EA;
			remoteInfo = KayCorner;
		};
		B2A93A991CC0BD4A000900EA /* PBXContainerItemProxy */ = {
			isa = PBXContainerItemProxy;
			containerPortal = B2A93A711CC0BD4A000900EA /* Project object */;
			proxyType = 1;
			remoteGlobalIDString = B2A93A781CC0BD4A000900EA;
			remoteInfo = KayCorner;
		};
/* End PBXContainerItemProxy section */

/* Begin PBXFileReference section */
		B2A93A791CC0BD4A000900EA /* KayCorner.app */ = {isa = PBXFileReference; explicitFileType = wrapper.application; includeInIndex = 0; path = KayCorner.app; sourceTree = BUILT_PRODUCTS_DIR; };
		B2A93A7C1CC0BD4A000900EA /* AppDelegate.swift */ = {isa = PBXFileReference; lastKnownFileType = sourcecode.swift; path = AppDelegate.swift; sourceTree = "<group>"; };
		B2A93A7E1CC0BD4A000900EA /* ViewController.swift */ = {isa = PBXFileReference; lastKnownFileType = sourcecode.swift; path = ViewController.swift; sourceTree = "<group>"; };
		B2A93A811CC0BD4A000900EA /* Base */ = {isa = PBXFileReference; lastKnownFileType = file.storyboard; name = Base; path = Base.lproj/Main.storyboard; sourceTree = "<group>"; };
		B2A93A831CC0BD4A000900EA /* Assets.xcassets */ = {isa = PBXFileReference; lastKnownFileType = folder.assetcatalog; path = Assets.xcassets; sourceTree = "<group>"; };
		B2A93A861CC0BD4A000900EA /* Base */ = {isa = PBXFileReference; lastKnownFileType = file.storyboard; name = Base; path = Base.lproj/LaunchScreen.storyboard; sourceTree = "<group>"; };
		B2A93A881CC0BD4A000900EA /* Info.plist */ = {isa = PBXFileReference; lastKnownFileType = text.plist.xml; path = Info.plist; sourceTree = "<group>"; };
		B2A93A8D1CC0BD4A000900EA /* KayCornerTests.xctest */ = {isa = PBXFileReference; explicitFileType = wrapper.cfbundle; includeInIndex = 0; path = KayCornerTests.xctest; sourceTree = BUILT_PRODUCTS_DIR; };
		B2A93A911CC0BD4A000900EA /* KayCornerTests.swift */ = {isa = PBXFileReference; lastKnownFileType = sourcecode.swift; path = KayCornerTests.swift; sourceTree = "<group>"; };
		B2A93A931CC0BD4A000900EA /* Info.plist */ = {isa = PBXFileReference; lastKnownFileType = text.plist.xml; path = Info.plist; sourceTree = "<group>"; };
		B2A93A981CC0BD4A000900EA /* KayCornerUITests.xctest */ = {isa = PBXFileReference; explicitFileType = wrapper.cfbundle; includeInIndex = 0; path = KayCornerUITests.xctest; sourceTree = BUILT_PRODUCTS_DIR; };
		B2A93A9C1CC0BD4A000900EA /* KayCornerUITests.swift */ = {isa = PBXFileReference; lastKnownFileType = sourcecode.swift; path = KayCornerUITests.swift; sourceTree = "<group>"; };
		B2A93A9E1CC0BD4A000900EA /* Info.plist */ = {isa = PBXFileReference; lastKnownFileType = text.plist.xml; path = Info.plist; sourceTree = "<group>"; };
/* End PBXFileReference section */

/* Begin PBXFrameworksBuildPhase section */
		B2A93A761CC0BD4A000900EA /* Frameworks */ = {
			isa = PBXFrameworksBuildPhase;
			buildActionMask = 2147483647;
			files = (
			);
			runOnlyForDeploymentPostprocessing = 0;
		};
		B2A93A8A1CC0BD4A000900EA /* Frameworks */ = {
			isa = PBXFrameworksBuildPhase;
			buildActionMask = 2147483647;
			files = (
			);
			runOnlyForDeploymentPostprocessing = 0;
		};
		B2A93A951CC0BD4A000900EA /* Frameworks */ = {
			isa = PBXFrameworksBuildPhase;
			buildActionMask = 2147483647;
			files = (
			);
			runOnlyForDeploymentPostprocessing = 0;
		};
/* End PBXFrameworksBuildPhase section */

/* Begin PBXGroup section */
		B2A93A701CC0BD4A000900EA = {
			isa = PBXGroup;
			children = (
				B2A93A7B1CC0BD4A000900EA /* KayCorner */,
				B2A93A901CC0BD4A000900EA /* KayCornerTests */,
				B2A93A9B1CC0BD4A000900EA /* KayCornerUITests */,
				B2A93A7A1CC0BD4A000900EA /* Products */,
			);
			sourceTree = "<group>";
		};
		B2A93A7A1CC0BD4A000900EA /* Products */ = {
			isa = PBXGroup;
			children = (
				B2A93A791CC0BD4A000900EA /* KayCorner.app */,
				B2A93A8D1CC0BD4A000900EA /* KayCornerTests.xctest */,
				B2A93A981CC0BD4A000900EA /* KayCornerUITests.xctest */,
			);
			name = Products;
			sourceTree = "<group>";
		};
		B2A93A7B1CC0BD4A000900EA /* KayCorner */ = {
			isa = PBXGroup;
			children = (
				B2A93A7C1CC0BD4A000900EA /* AppDelegate.swift */,
				B2A93A7E1CC0BD4A000900EA /* ViewController.swift */,
				B2A93A801CC0BD4A000900EA /* Main.storyboard */,
				B2A93A831CC0BD4A000900EA /* Assets.xcassets */,
				B2A93A851CC0BD4A000900EA /* LaunchScreen.storyboard */,
				B2A93A881CC0BD4A000900EA /* Info.plist */,
			);
			path = KayCorner;
			sourceTree = "<group>";
		};
		B2A93A901CC0BD4A000900EA /* KayCornerTests */ = {
			isa = PBXGroup;
			children = (
				B2A93A911CC0BD4A000900EA /* KayCornerTests.swift */,
				B2A93A931CC0BD4A000900EA /* Info.plist */,
			);
			path = KayCornerTests;
			sourceTree = "<group>";
		};
		B2A93A9B1CC0BD4A000900EA /* KayCornerUITests */ = {
			isa = PBXGroup;
			children = (
				B2A93A9C1CC0BD4A000900EA /* KayCornerUITests.swift */,
				B2A93A9E1CC0BD4A000900EA /* Info.plist */,
			);
			path = KayCornerUITests;
			sourceTree = "<group>";
		};
/* End PBXGroup section */

/* Begin PBXNativeTarget section */
		B2A93A781CC0BD4A000900EA /* KayCorner */ = {
			isa = PBXNativeTarget;
			buildConfigurationList = B2A93AA11CC0BD4A000900EA /* Build configuration list for PBXNativeTarget "KayCorner" */;
			buildPhases = (
				B2A93A751CC0BD4A000900EA /* Sources */,
				B2A93A761CC0BD4A000900EA /* Frameworks */,
				B2A93A771CC0BD4A000900EA /* Resources */,
			);
			buildRules = (
			);
			dependencies = (
			);
			name = KayCorner;
			productName = KayCorner;
			productReference = B2A93A791CC0BD4A000900EA /* KayCorner.app */;
			productType = "com.apple.product-type.application";
		};
		B2A93A8C1CC0BD4A000900EA /* KayCornerTests */ = {
			isa = PBXNativeTarget;
			buildConfigurationList = B2A93AA41CC0BD4A000900EA /* Build configuration list for PBXNativeTarget "KayCornerTests" */;
			buildPhases = (
				B2A93A891CC0BD4A000900EA /* Sources */,
				B2A93A8A1CC0BD4A000900EA /* Frameworks */,
				B2A93A8B1CC0BD4A000900EA /* Resources */,
			);
			buildRules = (
			);
			dependencies = (
				B2A93A8F1CC0BD4A000900EA /* PBXTargetDependency */,
			);
			name = KayCornerTests;
			productName = KayCornerTests;
			productReference = B2A93A8D1CC0BD4A000900EA /* KayCornerTests.xctest */;
			productType = "com.apple.product-type.bundle.unit-test";
		};
		B2A93A971CC0BD4A000900EA /* KayCornerUITests */ = {
			isa = PBXNativeTarget;
			buildConfigurationList = B2A93AA71CC0BD4A000900EA /* Build configuration list for PBXNativeTarget "KayCornerUITests" */;
			buildPhases = (
				B2A93A941CC0BD4A000900EA /* Sources */,
				B2A93A951CC0BD4A000900EA /* Frameworks */,
				B2A93A961CC0BD4A000900EA /* Resources */,
			);
			buildRules = (
			);
			dependencies = (
				B2A93A9A1CC0BD4A000900EA /* PBXTargetDependency */,
			);
			name = KayCornerUITests;
			productName = KayCornerUITests;
			productReference = B2A93A981CC0BD4A000900EA /* KayCornerUITests.xctest */;
			productType = "com.apple.product-type.bundle.ui-testing";
		};
/* End PBXNativeTarget section */

/* Begin PBXProject section */
		B2A93A711CC0BD4A000900EA /* Project object */ = {
			isa = PBXProject;
			attributes = {
				LastSwiftUpdateCheck = 0730;
				LastUpgradeCheck = 0730;
				ORGANIZATIONNAME = "卢良潇";
				TargetAttributes = {
					B2A93A781CC0BD4A000900EA = {
						CreatedOnToolsVersion = 7.3;
						DevelopmentTeam = HQJ5Y44Q9H;
					};
					B2A93A8C1CC0BD4A000900EA = {
						CreatedOnToolsVersion = 7.3;
						DevelopmentTeam = HQJ5Y44Q9H;
						TestTargetID = B2A93A781CC0BD4A000900EA;
					};
					B2A93A971CC0BD4A000900EA = {
						CreatedOnToolsVersion = 7.3;
						DevelopmentTeam = HQJ5Y44Q9H;
						TestTargetID = B2A93A781CC0BD4A000900EA;
					};
				};
			};
			buildConfigurationList = B2A93A741CC0BD4A000900EA /* Build configuration list for PBXProject "KayCorner" */;
			compatibilityVersion = "Xcode 3.2";
			developmentRegion = English;
			hasScannedForEncodings = 0;
			knownRegions = (
				en,
				Base,
			);
			mainGroup = B2A93A701CC0BD4A000900EA;
			productRefGroup = B2A93A7A1CC0BD4A000900EA /* Products */;
			projectDirPath = "";
			projectRoot = "";
			targets = (
				B2A93A781CC0BD4A000900EA /* KayCorner */,
				B2A93A8C1CC0BD4A000900EA /* KayCornerTests */,
				B2A93A971CC0BD4A000900EA /* KayCornerUITests */,
			);
		};
/* End PBXProject section */

/* Begin PBXResourcesBuildPhase section */
		B2A93A771CC0BD4A000900EA /* Resources */ = {
			isa = PBXResourcesBuildPhase;
			buildActionMask = 2147483647;
			files = (
				B2A93A871CC0BD4A000900EA /* LaunchScreen.storyboard in Resources */,
				B2A93A841CC0BD4A000900EA /* Assets.xcassets in Resources */,
				B2A93A821CC0BD4A000900EA /* Main.storyboard in Resources */,
			);
			runOnlyForDeploymentPostprocessing = 0;
		};
		B2A93A8B1CC0BD4A000900EA /* Resources */ = {
			isa = PBXResourcesBuildPhase;
			buildActionMask = 2147483647;
			files = (
			);
			runOnlyForDeploymentPostprocessing = 0;
		};
		B2A93A961CC0BD4A000900EA /* Resources */ = {
			isa = PBXResourcesBuildPhase;
			buildActionMask = 2147483647;
			files = (
			);
			runOnlyForDeploymentPostprocessing = 0;
		};
/* End PBXResourcesBuildPhase section */

/* Begin PBXSourcesBuildPhase section */
		B2A93A751CC0BD4A000900EA /* Sources */ = {
			isa = PBXSourcesBuildPhase;
			buildActionMask = 2147483647;
			files = (
				B2A93A7F1CC0BD4A000900EA /* ViewController.swift in Sources */,
				B2A93A7D1CC0BD4A000900EA /* AppDelegate.swift in Sources */,
			);
			runOnlyForDeploymentPostprocessing = 0;
		};
		B2A93A891CC0BD4A000900EA /* Sources */ = {
			isa = PBXSourcesBuildPhase;
			buildActionMask = 2147483647;
			files = (
				B2A93A921CC0BD4A000900EA /* KayCornerTests.swift in Sources */,
			);
			runOnlyForDeploymentPostprocessing = 0;
		};
		B2A93A941CC0BD4A000900EA /* Sources */ = {
			isa = PBXSourcesBuildPhase;
			buildActionMask = 2147483647;
			files = (
				B2A93A9D1CC0BD4A000900EA /* KayCornerUITests.swift in Sources */,
			);
			runOnlyForDeploymentPostprocessing = 0;
		};
/* End PBXSourcesBuildPhase section */

/* Begin PBXTargetDependency section */
		B2A93A8F1CC0BD4A000900EA /* PBXTargetDependency */ = {
			isa = PBXTargetDependency;
			target = B2A93A781CC0BD4A000900EA /* KayCorner */;
			targetProxy = B2A93A8E1CC0BD4A000900EA /* PBXContainerItemProxy */;
		};
		B2A93A9A1CC0BD4A000900EA /* PBXTargetDependency */ = {
			isa = PBXTargetDependency;
			target = B2A93A781CC0BD4A000900EA /* KayCorner */;
			targetProxy = B2A93A991CC0BD4A000900EA /* PBXContainerItemProxy */;
		};
/* End PBXTargetDependency section */

/* Begin PBXVariantGroup section */
		B2A93A801CC0BD4A000900EA /* Main.storyboard */ = {
			isa = PBXVariantGroup;
			children = (
				B2A93A811CC0BD4A000900EA /* Base */,
			);
			name = Main.storyboard;
			sourceTree = "<group>";
		};
		B2A93A851CC0BD4A000900EA /* LaunchScreen.storyboard */ = {
			isa = PBXVariantGroup;
			children = (
				B2A93A861CC0BD4A000900EA /* Base */,
			);
			name = LaunchScreen.storyboard;
			sourceTree = "<group>";
		};
/* End PBXVariantGroup section */

/* Begin XCBuildConfiguration section */
		B2A93A9F1CC0BD4A000900EA /* Debug */ = {
			isa = XCBuildConfiguration;
			buildSettings = {
				ALWAYS_SEARCH_USER_PATHS = NO;
				CLANG_ANALYZER_NONNULL = YES;
				CLANG_CXX_LANGUAGE_STANDARD = "gnu++0x";
				CLANG_CXX_LIBRARY = "libc++";
				CLANG_ENABLE_MODULES = YES;
				CLANG_ENABLE_OBJC_ARC = YES;
				CLANG_WARN_BOOL_CONVERSION = YES;
				CLANG_WARN_CONSTANT_CONVERSION = YES;
				CLANG_WARN_DIRECT_OBJC_ISA_USAGE = YES_ERROR;
				CLANG_WARN_EMPTY_BODY = YES;
				CLANG_WARN_ENUM_CONVERSION = YES;
				CLANG_WARN_INT_CONVERSION = YES;
				CLANG_WARN_OBJC_ROOT_CLASS = YES_ERROR;
				CLANG_WARN_UNREACHABLE_CODE = YES;
				CLANG_WARN__DUPLICATE_METHOD_MATCH = YES;
				"CODE_SIGN_IDENTITY[sdk=iphoneos*]" = "iPhone Developer";
				COPY_PHASE_STRIP = NO;
				DEBUG_INFORMATION_FORMAT = dwarf;
				ENABLE_STRICT_OBJC_MSGSEND = YES;
				ENABLE_TESTABILITY = YES;
				GCC_C_LANGUAGE_STANDARD = gnu99;
				GCC_DYNAMIC_NO_PIC = NO;
				GCC_NO_COMMON_BLOCKS = YES;
				GCC_OPTIMIZATION_LEVEL = 0;
				GCC_PREPROCESSOR_DEFINITIONS = (
					"DEBUG=1",
					"$(inherited)",
				);
				GCC_WARN_64_TO_32_BIT_CONVERSION = YES;
				GCC_WARN_ABOUT_RETURN_TYPE = YES_ERROR;
				GCC_WARN_UNDECLARED_SELECTOR = YES;
				GCC_WARN_UNINITIALIZED_AUTOS = YES_AGGRESSIVE;
				GCC_WARN_UNUSED_FUNCTION = YES;
				GCC_WARN_UNUSED_VARIABLE = YES;
				IPHONEOS_DEPLOYMENT_TARGET = 9.3;
				MTL_ENABLE_DEBUG_INFO = YES;
				ONLY_ACTIVE_ARCH = YES;
				SDKROOT = iphoneos;
				SWIFT_OPTIMIZATION_LEVEL = "-Onone";
			};
			name = Debug;
		};
		B2A93AA01CC0BD4A000900EA /* Release */ = {
			isa = XCBuildConfiguration;
			buildSettings = {
				ALWAYS_SEARCH_USER_PATHS = NO;
				CLANG_ANALYZER_NONNULL = YES;
				CLANG_CXX_LANGUAGE_STANDARD = "gnu++0x";
				CLANG_CXX_LIBRARY = "libc++";
				CLANG_ENABLE_MODULES = YES;
				CLANG_ENABLE_OBJC_ARC = YES;
				CLANG_WARN_BOOL_CONVERSION = YES;
				CLANG_WARN_CONSTANT_CONVERSION = YES;
				CLANG_WARN_DIRECT_OBJC_ISA_USAGE = YES_ERROR;
				CLANG_WARN_EMPTY_BODY = YES;
				CLANG_WARN_ENUM_CONVERSION = YES;
				CLANG_WARN_INT_CONVERSION = YES;
				CLANG_WARN_OBJC_ROOT_CLASS = YES_ERROR;
				CLANG_WARN_UNREACHABLE_CODE = YES;
				CLANG_WARN__DUPLICATE_METHOD_MATCH = YES;
				"CODE_SIGN_IDENTITY[sdk=iphoneos*]" = "iPhone Developer";
				COPY_PHASE_STRIP = NO;
				DEBUG_INFORMATION_FORMAT = "dwarf-with-dsym";
				ENABLE_NS_ASSERTIONS = NO;
				ENABLE_STRICT_OBJC_MSGSEND = YES;
				GCC_C_LANGUAGE_STANDARD = gnu99;
				GCC_NO_COMMON_BLOCKS = YES;
				GCC_WARN_64_TO_32_BIT_CONVERSION = YES;
				GCC_WARN_ABOUT_RETURN_TYPE = YES_ERROR;
				GCC_WARN_UNDECLARED_SELECTOR = YES;
				GCC_WARN_UNINITIALIZED_AUTOS = YES_AGGRESSIVE;
				GCC_WARN_UNUSED_FUNCTION = YES;
				GCC_WARN_UNUSED_VARIABLE = YES;
				IPHONEOS_DEPLOYMENT_TARGET = 9.3;
				MTL_ENABLE_DEBUG_INFO = NO;
				SDKROOT = iphoneos;
				VALIDATE_PRODUCT = YES;
			};
			name = Release;
		};
		B2A93AA21CC0BD4A000900EA /* Debug */ = {
			isa = XCBuildConfiguration;
			buildSettings = {
				ASSETCATALOG_COMPILER_APPICON_NAME = AppIcon;
				INFOPLIST_FILE = KayCorner/Info.plist;
				LD_RUNPATH_SEARCH_PATHS = "$(inherited) @executable_path/Frameworks";
				PRODUCT_BUNDLE_IDENTIFIER = llx.KayCorner;
				PRODUCT_NAME = "$(TARGET_NAME)";
			};
			name = Debug;
		};
		B2A93AA31CC0BD4A000900EA /* Release */ = {
			isa = XCBuildConfiguration;
			buildSettings = {
				ASSETCATALOG_COMPILER_APPICON_NAME = AppIcon;
				INFOPLIST_FILE = KayCorner/Info.plist;
				LD_RUNPATH_SEARCH_PATHS = "$(inherited) @executable_path/Frameworks";
				PRODUCT_BUNDLE_IDENTIFIER = llx.KayCorner;
				PRODUCT_NAME = "$(TARGET_NAME)";
			};
			name = Release;
		};
		B2A93AA51CC0BD4A000900EA /* Debug */ = {
			isa = XCBuildConfiguration;
			buildSettings = {
				BUNDLE_LOADER = "$(TEST_HOST)";
				INFOPLIST_FILE = KayCornerTests/Info.plist;
				LD_RUNPATH_SEARCH_PATHS = "$(inherited) @executable_path/Frameworks @loader_path/Frameworks";
				PRODUCT_BUNDLE_IDENTIFIER = llx.KayCornerTests;
				PRODUCT_NAME = "$(TARGET_NAME)";
				TEST_HOST = "$(BUILT_PRODUCTS_DIR)/KayCorner.app/KayCorner";
			};
			name = Debug;
		};
		B2A93AA61CC0BD4A000900EA /* Release */ = {
			isa = XCBuildConfiguration;
			buildSettings = {
				BUNDLE_LOADER = "$(TEST_HOST)";
				INFOPLIST_FILE = KayCornerTests/Info.plist;
				LD_RUNPATH_SEARCH_PATHS = "$(inherited) @executable_path/Frameworks @loader_path/Frameworks";
				PRODUCT_BUNDLE_IDENTIFIER = llx.KayCornerTests;
				PRODUCT_NAME = "$(TARGET_NAME)";
				TEST_HOST = "$(BUILT_PRODUCTS_DIR)/KayCorner.app/KayCorner";
			};
			name = Release;
		};
		B2A93AA81CC0BD4A000900EA /* Debug */ = {
			isa = XCBuildConfiguration;
			buildSettings = {
				INFOPLIST_FILE = KayCornerUITests/Info.plist;
				LD_RUNPATH_SEARCH_PATHS = "$(inherited) @executable_path/Frameworks @loader_path/Frameworks";
				PRODUCT_BUNDLE_IDENTIFIER = llx.KayCornerUITests;
				PRODUCT_NAME = "$(TARGET_NAME)";
				TEST_TARGET_NAME = KayCorner;
			};
			name = Debug;
		};
		B2A93AA91CC0BD4A000900EA /* Release */ = {
			isa = XCBuildConfiguration;
			buildSettings = {
				INFOPLIST_FILE = KayCornerUITests/Info.plist;
				LD_RUNPATH_SEARCH_PATHS = "$(inherited) @executable_path/Frameworks @loader_path/Frameworks";
				PRODUCT_BUNDLE_IDENTIFIER = llx.KayCornerUITests;
				PRODUCT_NAME = "$(TARGET_NAME)";
				TEST_TARGET_NAME = KayCorner;
			};
			name = Release;
		};
/* End XCBuildConfiguration section */

/* Begin XCConfigurationList section */
		B2A93A741CC0BD4A000900EA /* Build configuration list for PBXProject "KayCorner" */ = {
			isa = XCConfigurationList;
			buildConfigurations = (
				B2A93A9F1CC0BD4A000900EA /* Debug */,
				B2A93AA01CC0BD4A000900EA /* Release */,
			);
			defaultConfigurationIsVisible = 0;
			defaultConfigurationName = Release;
		};
		B2A93AA11CC0BD4A000900EA /* Build configuration list for PBXNativeTarget "KayCorner" */ = {
			isa = XCConfigurationList;
			buildConfigurations = (
				B2A93AA21CC0BD4A000900EA /* Debug */,
				B2A93AA31CC0BD4A000900EA /* Release */,
			);
			defaultConfigurationIsVisible = 0;
		};
		B2A93AA41CC0BD4A000900EA /* Build configuration list for PBXNativeTarget "KayCornerTests" */ = {
			isa = XCConfigurationList;
			buildConfigurations = (
				B2A93AA51CC0BD4A000900EA /* Debug */,
				B2A93AA61CC0BD4A000900EA /* Release */,
			);
			defaultConfigurationIsVisible = 0;
		};
		B2A93AA71CC0BD4A000900EA /* Build configuration list for PBXNativeTarget "KayCornerUITests" */ = {
			isa = XCConfigurationList;
			buildConfigurations = (
				B2A93AA81CC0BD4A000900EA /* Debug */,
				B2A93AA91CC0BD4A000900EA /* Release */,
			);
			defaultConfigurationIsVisible = 0;
		};
/* End XCConfigurationList section */
	};
	rootObject = B2A93A711CC0BD4A000900EA /* Project object */;
}
